PODS:
  - Alamofire (5.10.2)
  - KakaJSON (1.1.2)
  - WXNetworkingSwift (1.0.0):
    - Alamofire
    - KakaJSON

DEPENDENCIES:
  - WXNetworkingSwift (from `../`)

SPEC REPOS:
  trunk:
    - Alamofire
    - KakaJSON

EXTERNAL SOURCES:
  WXNetworkingSwift:
    :path: "../"

SPEC CHECKSUMS:
  Alamofire: 7193b3b92c74a07f85569e1a6c4f4237291e7496
  KakaJSON: cc5ff50a8c1cfbb09413db8496cb709a209e6137
  WXNetworkingSwift: ec5c109357d808f8c204996560f4eb26ed2de77c

PODFILE CHECKSUM: 44a52d7c247614024c113eae92a046fa74743dc6

COCOAPODS: 1.16.2
