PODS:
  - Alamofire (5.8.0)
  - KakaJSON (1.1.2)

DEPENDENCIES:
  - Alamofire
  - KakaJSON

SPEC REPOS:
  https://cdn.cocoapods.org/:
    - Alamofire
    - KakaJSON

SPEC CHECKSUMS:
  Alamofire: 0e92e751b3e9e66d7982db43919d01f313b8eb91
  KakaJSON: cc5ff50a8c1cfbb09413db8496cb709a209e6137

PODFILE CHECKSUM: 58b5f3e5a9171899b131ad3503b628fcf8ba8ed1

COCOAPODS: 1.11.3
