PODS:
  - Alamofire (5.4.4)
  - Cache (5.3.0)
  - KakaJSON (1.1.2)

DEPENDENCIES:
  - Alamofire
  - Cache
  - KakaJSON

SPEC REPOS:
  https://cdn.cocoapods.org/:
    - Alamofire
    - Cache
    - KakaJSON

SPEC CHECKSUMS:
  Alamofire: f3b09a368f1582ab751b3fff5460276e0d2cf5c9
  Cache: 48762993ec44e1d93483c4d4a13edd18452326f4
  KakaJSON: cc5ff50a8c1cfbb09413db8496cb709a209e6137

PODFILE CHECKSUM: 3ea3f036e8546002da35f6c63d43b0f7d9ebba66

COCOAPODS: 1.11.2
